
Microsoft Visual Studio Solution File, Format Version 12.00
# Visual Studio Version 17
VisualStudioVersion = 17.8.34330.188
MinimumVisualStudioVersion = 10.0.40219.1
Project("{FAE04EC0-301F-11D3-BF4B-00C04F79EFBC}") = "Erv", "Erv.csproj", "{04E8FB37-E0B0-4D45-910C-DFC681882802}"
EndProject
Global
	GlobalSection(SolutionConfigurationPlatforms) = preSolution
		Debug|Any CPU = Debug|Any CPU
		Release|Any CPU = Release|Any CPU
	EndGlobalSection
	GlobalSection(ProjectConfigurationPlatforms) = postSolution
		{04E8FB37-E0B0-4D45-910C-DFC681882802}.Debug|Any CPU.ActiveCfg = Debug|Any CPU
		{04E8FB37-E0B0-4D45-910C-DFC681882802}.Debug|Any CPU.Build.0 = Debug|Any CPU
		{04E8FB37-E0B0-4D45-910C-DFC681882802}.Release|Any CPU.ActiveCfg = Release|Any CPU
		{04E8FB37-E0B0-4D45-910C-DFC681882802}.Release|Any CPU.Build.0 = Release|Any CPU
	EndGlobalSection
	GlobalSection(SolutionProperties) = preSolution
		HideSolutionNode = FALSE
	EndGlobalSection
	GlobalSection(ExtensibilityGlobals) = postSolution
		SolutionGuid = {F05CD74B-BB14-4255-8036-D640F75833BC}
	EndGlobalSection
EndGlobal
